{
  "name": "motion-for-web-projects-wongena",
  "lockfileVersion": 3,
  "requires": true,
  "packages": {
    "": {
      "dependencies": {
        "gsap": "^3.11.5",
        "three": "^0.152.0"
      }
    },
    "node_modules/gsap": {
      "version": "3.11.5",
      "resolved": "https://registry.npmjs.org/gsap/-/gsap-3.11.5.tgz",
      "integrity": "sha512-Q89nKCLgoX5xUjznh9LcaIUkz54k1voNucT1Rpf9SJNFIQznBwFqt5qUUQbeVInFyN/n18OUJkpeI6CNEDt74w=="
    },
    "node_modules/three": {
      "version": "0.152.0",
      "resolved": "https://registry.npmjs.org/three/-/three-0.152.0.tgz",
      "integrity": "sha512-uvKoYo4b2bnqzsR4RJFuWecxwMKcgT1nFNmiWooCNr6AxZLCtfkj/xcfFgoi5mFopSVorh7bnvTHPfeW8DINGg=="
    }
  }
}
